{
  "name": "content-migration",
  "version": "1.0.0",
  "lockfileVersion": 1,
  "requires": true,
  "dependencies": {
    "axios": {
      "version": "0.19.2",
      "resolved": "https://registry.npmjs.org/axios/-/axios-0.19.2.tgz",
      "integrity": "sha512-fjgm5MvRHLhx+osE2xoekY70AhARk3a6hkN+3Io1jc00jtquGvxYlKlsFUhmUET0V5te6CcZI7lcv2Ym61mjHA==",
      "requires": {
        "follow-redirects": "1.5.10"
      }
    },
    "commander": {
      "version": "6.1.0",
      "resolved": "https://registry.npmjs.org/commander/-/commander-6.1.0.tgz",
      "integrity": "sha512-wl7PNrYWd2y5mp1OK/LhTlv8Ff4kQJQRXXAvF+uU/TPNiVJUxZLRYGj/B0y/lPGAVcSbJqH2Za/cvHmrPMC8mA=="
    },
    "contentful-management": {
      "version": "6.1.2",
      "resolved": "https://registry.npmjs.org/contentful-management/-/contentful-management-6.1.2.tgz",
      "integrity": "sha512-1USZh92hCrYXHl4fgHQ3AYOE155Aum8eBaES0vkpD/PW74vAwJC2tIBzx+uUMXc/DNwJibLEDS63XMBqXnYDpw==",
      "requires": {
        "axios": "^0.19.0",
        "contentful-sdk-core": "^6.4.0",
        "lodash": "^4.17.20",
        "type-fest": "0.16.0"
      }
    },
    "contentful-sdk-core": {
      "version": "6.4.5",
      "resolved": "https://registry.npmjs.org/contentful-sdk-core/-/contentful-sdk-core-6.4.5.tgz",
      "integrity": "sha512-rygNuiwbG6UKrJg6EDlaKewayTeLWrjA2wJwVmq7rV/DYo0cic6t28y0EMhRQ4pgJDV5HyUQFoFeBm2lwLfG2Q==",
      "requires": {
        "lodash": "^4.17.10",
        "qs": "^6.5.2"
      }
    },
    "csv-parse": {
      "version": "4.12.0",
      "resolved": "https://registry.npmjs.org/csv-parse/-/csv-parse-4.12.0.tgz",
      "integrity": "sha512-wPQl3H79vWLPI8cgKFcQXl0NBgYYEqVnT1i6/So7OjMpsI540oD7p93r3w6fDSyPvwkTepG05F69/7AViX2lXg=="
    },
    "debug": {
      "version": "3.1.0",
      "resolved": "https://registry.npmjs.org/debug/-/debug-3.1.0.tgz",
      "integrity": "sha512-OX8XqP7/1a9cqkxYw2yXss15f26NKWBpDXQd0/uK/KPqdQhxbPa994hnzjcE2VqQpDslf55723cKPUOGSmMY3g==",
      "requires": {
        "ms": "2.0.0"
      }
    },
    "es6-promise-pool": {
      "version": "2.5.0",
      "resolved": "https://registry.npmjs.org/es6-promise-pool/-/es6-promise-pool-2.5.0.tgz",
      "integrity": "sha1-FHxhKza0fxBQJ/nSv1SlmKmdnMs="
    },
    "follow-redirects": {
      "version": "1.5.10",
      "resolved": "https://registry.npmjs.org/follow-redirects/-/follow-redirects-1.5.10.tgz",
      "integrity": "sha512-0V5l4Cizzvqt5D44aTXbFZz+FtyXV1vrDN6qrelxtfYQKW0KO0W2T/hkE8xvGa/540LkZlkaUjO4ailYTFtHVQ==",
      "requires": {
        "debug": "=3.1.0"
      }
    },
    "lodash": {
      "version": "4.17.20",
      "resolved": "https://registry.npmjs.org/lodash/-/lodash-4.17.20.tgz",
      "integrity": "sha512-PlhdFcillOINfeV7Ni6oF1TAEayyZBoZ8bcshTHqOYJYlrqzRK5hagpagky5o4HfCzzd1TRkXPMFq6cKk9rGmA=="
    },
    "ms": {
      "version": "2.0.0",
      "resolved": "https://registry.npmjs.org/ms/-/ms-2.0.0.tgz",
      "integrity": "sha1-VgiurfwAvmwpAd9fmGF4jeDVl8g="
    },
    "qs": {
      "version": "6.9.4",
      "resolved": "https://registry.npmjs.org/qs/-/qs-6.9.4.tgz",
      "integrity": "sha512-A1kFqHekCTM7cz0udomYUoYNWjBebHm/5wzU/XqrBRBNWectVH0QIiN+NEcZ0Dte5hvzHwbr8+XQmguPhJ6WdQ=="
    },
    "type-fest": {
      "version": "0.16.0",
      "resolved": "https://registry.npmjs.org/type-fest/-/type-fest-0.16.0.tgz",
      "integrity": "sha512-eaBzG6MxNzEn9kiwvtre90cXaNLkmadMWa1zQMs3XORCXNbsH/OewwbxC5ia9dCxIxnTAsSxXJaa/p5y8DlvJg=="
    }
  }
}
